
Microsoft Visual Studio Solution File, Format Version 12.00
# Visual Studio Version 17
VisualStudioVersion = 17.7.34024.191
MinimumVisualStudioVersion = 10.0.40219.1
Project("{FAE04EC0-301F-11D3-BF4B-00C04F79EFBC}") = "LP3obg2", "LP3obg2.csproj", "{56E355B7-72E6-40FB-93EB-560F24D09684}"
EndProject
Global
	GlobalSection(SolutionConfigurationPlatforms) = preSolution
		Debug|Any CPU = Debug|Any CPU
		Release|Any CPU = Release|Any CPU
	EndGlobalSection
	GlobalSection(ProjectConfigurationPlatforms) = postSolution
		{56E355B7-72E6-40FB-93EB-560F24D09684}.Debug|Any CPU.ActiveCfg = Debug|Any CPU
		{56E355B7-72E6-40FB-93EB-560F24D09684}.Debug|Any CPU.Build.0 = Debug|Any CPU
		{56E355B7-72E6-40FB-93EB-560F24D09684}.Release|Any CPU.ActiveCfg = Release|Any CPU
		{56E355B7-72E6-40FB-93EB-560F24D09684}.Release|Any CPU.Build.0 = Release|Any CPU
	EndGlobalSection
	GlobalSection(SolutionProperties) = preSolution
		HideSolutionNode = FALSE
	EndGlobalSection
	GlobalSection(ExtensibilityGlobals) = postSolution
		SolutionGuid = {FBE5BC42-091E-4B6C-9B96-08F731427058}
	EndGlobalSection
EndGlobal
